
Microsoft Visual Studio Solution File, Format Version 12.00
# Visual Studio 15
VisualStudioVersion = 15.0.28307.421
MinimumVisualStudioVersion = 10.0.40219.1
Project("{FAE04EC0-301F-11D3-BF4B-00C04F79EFBC}") = "WindowsFormsApp4", "WindowsFormsApp4\WindowsFormsApp4.csproj", "{F2E884F9-0126-4457-8BE7-73048DD5D181}"
EndProject
Global
	GlobalSection(SolutionConfigurationPlatforms) = preSolution
		Debug|Any CPU = Debug|Any CPU
		Release|Any CPU = Release|Any CPU
	EndGlobalSection
	GlobalSection(ProjectConfigurationPlatforms) = postSolution
		{F2E884F9-0126-4457-8BE7-73048DD5D181}.Debug|Any CPU.ActiveCfg = Debug|Any CPU
		{F2E884F9-0126-4457-8BE7-73048DD5D181}.Debug|Any CPU.Build.0 = Debug|Any CPU
		{F2E884F9-0126-4457-8BE7-73048DD5D181}.Release|Any CPU.ActiveCfg = Release|Any CPU
		{F2E884F9-0126-4457-8BE7-73048DD5D181}.Release|Any CPU.Build.0 = Release|Any CPU
	EndGlobalSection
	GlobalSection(SolutionProperties) = preSolution
		HideSolutionNode = FALSE
	EndGlobalSection
	GlobalSection(ExtensibilityGlobals) = postSolution
		SolutionGuid = {AE052644-93A3-4F01-9332-0B6F70D71B36}
	EndGlobalSection
EndGlobal
